
Microsoft Visual Studio Solution File, Format Version 12.00
# Visual Studio Version 17
VisualStudioVersion = 17.9.34902.65
MinimumVisualStudioVersion = 10.0.40219.1
Project("{FAE04EC0-301F-11D3-BF4B-00C04F79EFBC}") = "QA.Common", "QA.Common\QA.Common.csproj", "{F96128B5-3450-41BA-A63E-CFFEB535BF64}"
EndProject
Project("{FAE04EC0-301F-11D3-BF4B-00C04F79EFBC}") = "QA.Specflow.API", "QA.Specflow.API\QA.Specflow.API.csproj", "{DE1DBA2E-F7F6-4194-8DA5-C4F9B5841F5F}"
EndProject
Global
	GlobalSection(SolutionConfigurationPlatforms) = preSolution
		Debug|Any CPU = Debug|Any CPU
		Release|Any CPU = Release|Any CPU
	EndGlobalSection
	GlobalSection(ProjectConfigurationPlatforms) = postSolution
		{F96128B5-3450-41BA-A63E-CFFEB535BF64}.Debug|Any CPU.ActiveCfg = Debug|Any CPU
		{F96128B5-3450-41BA-A63E-CFFEB535BF64}.Debug|Any CPU.Build.0 = Debug|Any CPU
		{F96128B5-3450-41BA-A63E-CFFEB535BF64}.Release|Any CPU.ActiveCfg = Release|Any CPU
		{F96128B5-3450-41BA-A63E-CFFEB535BF64}.Release|Any CPU.Build.0 = Release|Any CPU
		{DE1DBA2E-F7F6-4194-8DA5-C4F9B5841F5F}.Debug|Any CPU.ActiveCfg = Debug|Any CPU
		{DE1DBA2E-F7F6-4194-8DA5-C4F9B5841F5F}.Debug|Any CPU.Build.0 = Debug|Any CPU
		{DE1DBA2E-F7F6-4194-8DA5-C4F9B5841F5F}.Release|Any CPU.ActiveCfg = Release|Any CPU
		{DE1DBA2E-F7F6-4194-8DA5-C4F9B5841F5F}.Release|Any CPU.Build.0 = Release|Any CPU
	EndGlobalSection
	GlobalSection(SolutionProperties) = preSolution
		HideSolutionNode = FALSE
	EndGlobalSection
	GlobalSection(ExtensibilityGlobals) = postSolution
		SolutionGuid = {4D6F0A5B-6913-4B43-B302-A560D561E96F}
	EndGlobalSection
EndGlobal
